# THIS IS AN AUTOGENERATED FILE. DO NOT EDIT THIS FILE DIRECTLY.
# yarn lockfile v1


wordsninja@^1.0.0:
  version "1.0.0"
  resolved "https://registry.yarnpkg.com/wordsninja/-/wordsninja-1.0.0.tgz#526e5b293ea1fb740b747675570e8fcdc0860272"
  integrity sha512-f9aKDZ01xCjBEVxqQ4+fbSw+Jksi0OlvWV4QeqFzX78FjwREk/7ARgk0PuKlOkxGPg1ylkTYMTcKpReMVi2z4A==
